
Microsoft Visual Studio Solution File, Format Version 12.00
# Visual Studio 15
VisualStudioVersion = 15.0.27130.2020
MinimumVisualStudioVersion = 10.0.40219.1
Project("{FAE04EC0-301F-11D3-BF4B-00C04F79EFBC}") = "MegaDesk-3-ColePanike", "MegaDesk-3-ColePanike\MegaDesk-3-ColePanike.csproj", "{46995C28-BE89-47D7-856C-A2F7AF77C213}"
EndProject
Global
	GlobalSection(SolutionConfigurationPlatforms) = preSolution
		Debug|Any CPU = Debug|Any CPU
		Release|Any CPU = Release|Any CPU
	EndGlobalSection
	GlobalSection(ProjectConfigurationPlatforms) = postSolution
		{46995C28-BE89-47D7-856C-A2F7AF77C213}.Debug|Any CPU.ActiveCfg = Debug|Any CPU
		{46995C28-BE89-47D7-856C-A2F7AF77C213}.Debug|Any CPU.Build.0 = Debug|Any CPU
		{46995C28-BE89-47D7-856C-A2F7AF77C213}.Release|Any CPU.ActiveCfg = Release|Any CPU
		{46995C28-BE89-47D7-856C-A2F7AF77C213}.Release|Any CPU.Build.0 = Release|Any CPU
	EndGlobalSection
	GlobalSection(SolutionProperties) = preSolution
		HideSolutionNode = FALSE
	EndGlobalSection
	GlobalSection(ExtensibilityGlobals) = postSolution
		SolutionGuid = {70EF2EDD-A864-453C-8CE3-1308BD8D324B}
	EndGlobalSection
EndGlobal
